// !$*UTF8*$!
{
	archiveVersion = 1;
	classes = {
	};
	objectVersion = 56;
	objects = {

/* Begin PBXFileReference section */
		6A7C43DD2BAD766700247348 /* batch.playground */ = {isa = PBXFileReference; lastKnownFileType = file.playground; path = batch.playground; sourceTree = "<group>"; xcLanguageSpecificationIdentifier = xcode.lang.swift; };
		6A7C43DE2BAD7ADB00247348 /* Scenepahase.playground */ = {isa = PBXFileReference; lastKnownFileType = file.playground; path = Scenepahase.playground; sourceTree = "<group>"; xcLanguageSpecificationIdentifier = xcode.lang.swift; };
/* End PBXFileReference section */

/* Begin PBXGroup section */
		6A7C43D62BAD764A00247348 = {
			isa = PBXGroup;
			children = (
				6A7C43DE2BAD7ADB00247348 /* Scenepahase.playground */,
				6A7C43DD2BAD766700247348 /* batch.playground */,
			);
			sourceTree = "<group>";
		};
/* End PBXGroup section */

/* Begin PBXProject section */
		6A7C43D72BAD764A00247348 /* Project object */ = {
			isa = PBXProject;
			attributes = {
				BuildIndependentTargetsInParallel = 1;
				LastUpgradeCheck = 1530;
			};
			buildConfigurationList = 6A7C43DA2BAD764A00247348 /* Build configuration list for PBXProject "quiz" */;
			compatibilityVersion = "Xcode 14.0";
			developmentRegion = en;
			hasScannedForEncodings = 0;
			knownRegions = (
				en,
				Base,
			);
			mainGroup = 6A7C43D62BAD764A00247348;
			projectDirPath = "";
			projectRoot = "";
			targets = (
			);
		};
/* End PBXProject section */

/* Begin XCBuildConfiguration section */
		6A7C43DB2BAD764A00247348 /* Debug */ = {
			isa = XCBuildConfiguration;
			buildSettings = {
			};
			name = Debug;
		};
		6A7C43DC2BAD764A00247348 /* Release */ = {
			isa = XCBuildConfiguration;
			buildSettings = {
			};
			name = Release;
		};
/* End XCBuildConfiguration section */

/* Begin XCConfigurationList section */
		6A7C43DA2BAD764A00247348 /* Build configuration list for PBXProject "quiz" */ = {
			isa = XCConfigurationList;
			buildConfigurations = (
				6A7C43DB2BAD764A00247348 /* Debug */,
				6A7C43DC2BAD764A00247348 /* Release */,
			);
			defaultConfigurationIsVisible = 0;
			defaultConfigurationName = Release;
		};
/* End XCConfigurationList section */
	};
	rootObject = 6A7C43D72BAD764A00247348 /* Project object */;
}
